
Microsoft Visual Studio Solution File, Format Version 12.00
# Visual Studio Version 17
VisualStudioVersion = 17.4.33213.308
MinimumVisualStudioVersion = 10.0.40219.1
Project("{FAE04EC0-301F-11D3-BF4B-00C04F79EFBC}") = "Pipe-Connection", "Pipe-Connection\Pipe-Connection.csproj", "{FF0927CA-9429-44F5-89AE-4B64A08D2C50}"
EndProject
Global
	GlobalSection(SolutionConfigurationPlatforms) = preSolution
		Debug|Any CPU = Debug|Any CPU
		Release|Any CPU = Release|Any CPU
	EndGlobalSection
	GlobalSection(ProjectConfigurationPlatforms) = postSolution
		{FF0927CA-9429-44F5-89AE-4B64A08D2C50}.Debug|Any CPU.ActiveCfg = Debug|Any CPU
		{FF0927CA-9429-44F5-89AE-4B64A08D2C50}.Debug|Any CPU.Build.0 = Debug|Any CPU
		{FF0927CA-9429-44F5-89AE-4B64A08D2C50}.Release|Any CPU.ActiveCfg = Release|Any CPU
		{FF0927CA-9429-44F5-89AE-4B64A08D2C50}.Release|Any CPU.Build.0 = Release|Any CPU
	EndGlobalSection
	GlobalSection(SolutionProperties) = preSolution
		HideSolutionNode = FALSE
	EndGlobalSection
	GlobalSection(ExtensibilityGlobals) = postSolution
		SolutionGuid = {4285A4BD-C996-472B-BDF3-C0C2860A7D27}
	EndGlobalSection
EndGlobal
